// !$*UTF8*$!
{
	archiveVersion = 1;
	classes = {
	};
	objectVersion = 77;
	objects = {

/* Begin PBXBuildFile section */
		776522E72CC7890C00F18B5C /* Constants.swift in Sources */ = {isa = PBXBuildFile; fileRef = 776522E62CC7890800F18B5C /* Constants.swift */; };
		776522EC2CC8F1E500F18B5C /* AuthViewController.swift in Sources */ = {isa = PBXBuildFile; fileRef = 776522EB2CC8F1E500F18B5C /* AuthViewController.swift */; };
		776522EE2CC8F49D00F18B5C /* WebViewViewController.swift in Sources */ = {isa = PBXBuildFile; fileRef = 776522ED2CC8F48F00F18B5C /* WebViewViewController.swift */; };
		778BDFBB2CAC1C6B00DB3830 /* ImagesListCell.swift in Sources */ = {isa = PBXBuildFile; fileRef = 778BDFAF2CAC1C6B00DB3830 /* ImagesListCell.swift */; };
		778BDFBC2CAC1C6B00DB3830 /* ImagesListViewController.swift in Sources */ = {isa = PBXBuildFile; fileRef = 778BDFB02CAC1C6B00DB3830 /* ImagesListViewController.swift */; };
		778BDFBD2CAC1C6B00DB3830 /* AppDelegate.swift in Sources */ = {isa = PBXBuildFile; fileRef = 778BDFB22CAC1C6B00DB3830 /* AppDelegate.swift */; };
		778BDFBE2CAC1C6B00DB3830 /* SceneDelegate.swift in Sources */ = {isa = PBXBuildFile; fileRef = 778BDFB92CAC1C6B00DB3830 /* SceneDelegate.swift */; };
		778BDFBF2CAC1C6B00DB3830 /* Assets.xcassets in Resources */ = {isa = PBXBuildFile; fileRef = 778BDFB32CAC1C6B00DB3830 /* Assets.xcassets */; };
		778BDFC12CAC1C6B00DB3830 /* LaunchScreen.storyboard in Resources */ = {isa = PBXBuildFile; fileRef = 778BDFB62CAC1C6B00DB3830 /* LaunchScreen.storyboard */; };
		778BDFC22CAC1C6B00DB3830 /* Main.storyboard in Resources */ = {isa = PBXBuildFile; fileRef = 778BDFB82CAC1C6B00DB3830 /* Main.storyboard */; };
		77B6A17F2CB83617002B2E86 /* ProfileViewController.swift in Sources */ = {isa = PBXBuildFile; fileRef = 77B6A17E2CB83617002B2E86 /* ProfileViewController.swift */; };
		77D123602CBA6EB30038BD59 /* SingleImageViewController.swift in Sources */ = {isa = PBXBuildFile; fileRef = 77D1235F2CBA6EB30038BD59 /* SingleImageViewController.swift */; };
/* End PBXBuildFile section */

/* Begin PBXFileReference section */
		776522E62CC7890800F18B5C /* Constants.swift */ = {isa = PBXFileReference; lastKnownFileType = sourcecode.swift; path = Constants.swift; sourceTree = "<group>"; };
		776522EB2CC8F1E500F18B5C /* AuthViewController.swift */ = {isa = PBXFileReference; lastKnownFileType = sourcecode.swift; path = AuthViewController.swift; sourceTree = "<group>"; };
		776522ED2CC8F48F00F18B5C /* WebViewViewController.swift */ = {isa = PBXFileReference; lastKnownFileType = sourcecode.swift; path = WebViewViewController.swift; sourceTree = "<group>"; };
		778BDFAF2CAC1C6B00DB3830 /* ImagesListCell.swift */ = {isa = PBXFileReference; lastKnownFileType = sourcecode.swift; path = ImagesListCell.swift; sourceTree = "<group>"; };
		778BDFB02CAC1C6B00DB3830 /* ImagesListViewController.swift */ = {isa = PBXFileReference; lastKnownFileType = sourcecode.swift; path = ImagesListViewController.swift; sourceTree = "<group>"; };
		778BDFB22CAC1C6B00DB3830 /* AppDelegate.swift */ = {isa = PBXFileReference; lastKnownFileType = sourcecode.swift; path = AppDelegate.swift; sourceTree = "<group>"; };
		778BDFB32CAC1C6B00DB3830 /* Assets.xcassets */ = {isa = PBXFileReference; lastKnownFileType = folder.assetcatalog; path = Assets.xcassets; sourceTree = "<group>"; };
		778BDFB42CAC1C6B00DB3830 /* Info.plist */ = {isa = PBXFileReference; lastKnownFileType = text.plist.xml; path = Info.plist; sourceTree = "<group>"; };
		778BDFB52CAC1C6B00DB3830 /* Base */ = {isa = PBXFileReference; lastKnownFileType = file.storyboard; name = Base; path = Base.lproj/LaunchScreen.storyboard; sourceTree = "<group>"; };
		778BDFB72CAC1C6B00DB3830 /* Base */ = {isa = PBXFileReference; lastKnownFileType = file.storyboard; name = Base; path = Base.lproj/Main.storyboard; sourceTree = "<group>"; };
		778BDFB92CAC1C6B00DB3830 /* SceneDelegate.swift */ = {isa = PBXFileReference; lastKnownFileType = sourcecode.swift; path = SceneDelegate.swift; sourceTree = "<group>"; };
		77B6A17E2CB83617002B2E86 /* ProfileViewController.swift */ = {isa = PBXFileReference; lastKnownFileType = sourcecode.swift; path = ProfileViewController.swift; sourceTree = "<group>"; };
		77C3B0892CA6B824003ACDBC /* ImageFeed.app */ = {isa = PBXFileReference; explicitFileType = wrapper.application; includeInIndex = 0; name = ImageFeed.app; path = "/Users/viktor/dev/Projects/ImageFeed/build/Debug-iphoneos/ImageFeed.app"; sourceTree = "<absolute>"; };
		77D1235F2CBA6EB30038BD59 /* SingleImageViewController.swift */ = {isa = PBXFileReference; lastKnownFileType = sourcecode.swift; path = SingleImageViewController.swift; sourceTree = "<group>"; };
/* End PBXFileReference section */

/* Begin PBXFrameworksBuildPhase section */
		77C3B0862CA6B824003ACDBC /* Frameworks */ = {
			isa = PBXFrameworksBuildPhase;
			buildActionMask = 2147483647;
			files = (
			);
			runOnlyForDeploymentPostprocessing = 0;
		};
/* End PBXFrameworksBuildPhase section */

/* Begin PBXGroup section */
		776522E82CC8F16300F18B5C /* Auth */ = {
			isa = PBXGroup;
			children = (
				776522ED2CC8F48F00F18B5C /* WebViewViewController.swift */,
				776522EB2CC8F1E500F18B5C /* AuthViewController.swift */,
			);
			path = Auth;
			sourceTree = "<group>";
		};
		778BDFB12CAC1C6B00DB3830 /* ImagesList */ = {
			isa = PBXGroup;
			children = (
				778BDFB02CAC1C6B00DB3830 /* ImagesListViewController.swift */,
				778BDFAF2CAC1C6B00DB3830 /* ImagesListCell.swift */,
			);
			path = ImagesList;
			sourceTree = "<group>";
		};
		778BDFBA2CAC1C6B00DB3830 /* ImageFeed */ = {
			isa = PBXGroup;
			children = (
				778BDFB22CAC1C6B00DB3830 /* AppDelegate.swift */,
				778BDFB92CAC1C6B00DB3830 /* SceneDelegate.swift */,
				776522E62CC7890800F18B5C /* Constants.swift */,
				77B6A1802CB90C0E002B2E86 /* Profile */,
				778BDFB12CAC1C6B00DB3830 /* ImagesList */,
				77D1235C2CBA6E4C0038BD59 /* SingleImage */,
				776522E82CC8F16300F18B5C /* Auth */,
				778BDFB82CAC1C6B00DB3830 /* Main.storyboard */,
				778BDFB32CAC1C6B00DB3830 /* Assets.xcassets */,
				778BDFB62CAC1C6B00DB3830 /* LaunchScreen.storyboard */,
				778BDFB42CAC1C6B00DB3830 /* Info.plist */,
			);
			path = ImageFeed;
			sourceTree = "<group>";
		};
		77B6A1802CB90C0E002B2E86 /* Profile */ = {
			isa = PBXGroup;
			children = (
				77B6A17E2CB83617002B2E86 /* ProfileViewController.swift */,
			);
			path = Profile;
			sourceTree = "<group>";
		};
		77C3B0802CA6B824003ACDBC = {
			isa = PBXGroup;
			children = (
				778BDFBA2CAC1C6B00DB3830 /* ImageFeed */,
			);
			sourceTree = "<group>";
		};
		77D1235C2CBA6E4C0038BD59 /* SingleImage */ = {
			isa = PBXGroup;
			children = (
				77D1235F2CBA6EB30038BD59 /* SingleImageViewController.swift */,
			);
			path = SingleImage;
			sourceTree = "<group>";
		};
/* End PBXGroup section */

/* Begin PBXNativeTarget section */
		77C3B0882CA6B824003ACDBC /* ImageFeed */ = {
			isa = PBXNativeTarget;
			buildConfigurationList = 77C3B09C2CA6B826003ACDBC /* Build configuration list for PBXNativeTarget "ImageFeed" */;
			buildPhases = (
				77C3B0852CA6B824003ACDBC /* Sources */,
				77C3B0862CA6B824003ACDBC /* Frameworks */,
				77C3B0872CA6B824003ACDBC /* Resources */,
			);
			buildRules = (
			);
			dependencies = (
			);
			name = ImageFeed;
			packageProductDependencies = (
			);
			productName = ImageFeed;
			productReference = 77C3B0892CA6B824003ACDBC /* ImageFeed.app */;
			productType = "com.apple.product-type.application";
		};
/* End PBXNativeTarget section */

/* Begin PBXProject section */
		77C3B0812CA6B824003ACDBC /* Project object */ = {
			isa = PBXProject;
			attributes = {
				BuildIndependentTargetsInParallel = 1;
				LastSwiftUpdateCheck = 1600;
				LastUpgradeCheck = 1600;
				TargetAttributes = {
					77C3B0882CA6B824003ACDBC = {
						CreatedOnToolsVersion = 16.0;
					};
				};
			};
			buildConfigurationList = 77C3B0842CA6B824003ACDBC /* Build configuration list for PBXProject "ImageFeed" */;
			developmentRegion = en;
			hasScannedForEncodings = 0;
			knownRegions = (
				en,
				Base,
			);
			mainGroup = 77C3B0802CA6B824003ACDBC;
			minimizedProjectReferenceProxies = 1;
			preferredProjectObjectVersion = 77;
			productRefGroup = 77C3B0802CA6B824003ACDBC;
			projectDirPath = "";
			projectRoot = "";
			targets = (
				77C3B0882CA6B824003ACDBC /* ImageFeed */,
			);
		};
/* End PBXProject section */

/* Begin PBXResourcesBuildPhase section */
		77C3B0872CA6B824003ACDBC /* Resources */ = {
			isa = PBXResourcesBuildPhase;
			buildActionMask = 2147483647;
			files = (
				778BDFBF2CAC1C6B00DB3830 /* Assets.xcassets in Resources */,
				778BDFC12CAC1C6B00DB3830 /* LaunchScreen.storyboard in Resources */,
				778BDFC22CAC1C6B00DB3830 /* Main.storyboard in Resources */,
			);
			runOnlyForDeploymentPostprocessing = 0;
		};
/* End PBXResourcesBuildPhase section */

/* Begin PBXSourcesBuildPhase section */
		77C3B0852CA6B824003ACDBC /* Sources */ = {
			isa = PBXSourcesBuildPhase;
			buildActionMask = 2147483647;
			files = (
				778BDFBB2CAC1C6B00DB3830 /* ImagesListCell.swift in Sources */,
				778BDFBC2CAC1C6B00DB3830 /* ImagesListViewController.swift in Sources */,
				77B6A17F2CB83617002B2E86 /* ProfileViewController.swift in Sources */,
				778BDFBD2CAC1C6B00DB3830 /* AppDelegate.swift in Sources */,
				776522EC2CC8F1E500F18B5C /* AuthViewController.swift in Sources */,
				776522E72CC7890C00F18B5C /* Constants.swift in Sources */,
				77D123602CBA6EB30038BD59 /* SingleImageViewController.swift in Sources */,
				776522EE2CC8F49D00F18B5C /* WebViewViewController.swift in Sources */,
				778BDFBE2CAC1C6B00DB3830 /* SceneDelegate.swift in Sources */,
			);
			runOnlyForDeploymentPostprocessing = 0;
		};
/* End PBXSourcesBuildPhase section */

/* Begin PBXVariantGroup section */
		778BDFB62CAC1C6B00DB3830 /* LaunchScreen.storyboard */ = {
			isa = PBXVariantGroup;
			children = (
				778BDFB52CAC1C6B00DB3830 /* Base */,
			);
			name = LaunchScreen.storyboard;
			sourceTree = "<group>";
		};
		778BDFB82CAC1C6B00DB3830 /* Main.storyboard */ = {
			isa = PBXVariantGroup;
			children = (
				778BDFB72CAC1C6B00DB3830 /* Base */,
			);
			name = Main.storyboard;
			sourceTree = "<group>";
		};
/* End PBXVariantGroup section */

/* Begin XCBuildConfiguration section */
		77C3B09D2CA6B826003ACDBC /* Debug */ = {
			isa = XCBuildConfiguration;
			buildSettings = {
				ASSETCATALOG_COMPILER_APPICON_NAME = AppIcon;
				ASSETCATALOG_COMPILER_GLOBAL_ACCENT_COLOR_NAME = AccentColor;
				CODE_SIGN_STYLE = Automatic;
				CURRENT_PROJECT_VERSION = 1;
				DEVELOPMENT_TEAM = 99N2YN9VA7;
				GENERATE_INFOPLIST_FILE = YES;
				INFOPLIST_FILE = ImageFeed/Info.plist;
				INFOPLIST_KEY_UIApplicationSupportsIndirectInputEvents = YES;
				INFOPLIST_KEY_UILaunchStoryboardName = LaunchScreen;
				INFOPLIST_KEY_UIMainStoryboardFile = Main;
				INFOPLIST_KEY_UISupportedInterfaceOrientations = UIInterfaceOrientationPortrait;
				INFOPLIST_KEY_UISupportedInterfaceOrientations_iPad = "UIInterfaceOrientationLandscapeLeft UIInterfaceOrientationLandscapeRight UIInterfaceOrientationPortrait UIInterfaceOrientationPortraitUpsideDown";
				IPHONEOS_DEPLOYMENT_TARGET = 13.0;
				LD_RUNPATH_SEARCH_PATHS = (
					"$(inherited)",
					"@executable_path/Frameworks",
				);
				MARKETING_VERSION = 1.0;
				PRODUCT_BUNDLE_IDENTIFIER = com.septenmale.ImageFeed;
				PRODUCT_NAME = "$(TARGET_NAME)";
				SUPPORTED_PLATFORMS = "iphoneos iphonesimulator";
				SUPPORTS_MACCATALYST = NO;
				SUPPORTS_MAC_DESIGNED_FOR_IPHONE_IPAD = NO;
				SUPPORTS_XR_DESIGNED_FOR_IPHONE_IPAD = NO;
				SWIFT_EMIT_LOC_STRINGS = YES;
				SWIFT_VERSION = 5.0;
				TARGETED_DEVICE_FAMILY = 1;
			};
			name = Debug;
		};
		77C3B09E2CA6B826003ACDBC /* Release */ = {
			isa = XCBuildConfiguration;
			buildSettings = {
				ASSETCATALOG_COMPILER_APPICON_NAME = AppIcon;
				ASSETCATALOG_COMPILER_GLOBAL_ACCENT_COLOR_NAME = AccentColor;
				CODE_SIGN_STYLE = Automatic;
				CURRENT_PROJECT_VERSION = 1;
				DEVELOPMENT_TEAM = 99N2YN9VA7;
				GENERATE_INFOPLIST_FILE = YES;
				INFOPLIST_FILE = ImageFeed/Info.plist;
				INFOPLIST_KEY_UIApplicationSupportsIndirectInputEvents = YES;
				INFOPLIST_KEY_UILaunchStoryboardName = LaunchScreen;
				INFOPLIST_KEY_UIMainStoryboardFile = Main;
				INFOPLIST_KEY_UISupportedInterfaceOrientations = UIInterfaceOrientationPortrait;
				INFOPLIST_KEY_UISupportedInterfaceOrientations_iPad = "UIInterfaceOrientationLandscapeLeft UIInterfaceOrientationLandscapeRight UIInterfaceOrientationPortrait UIInterfaceOrientationPortraitUpsideDown";
				IPHONEOS_DEPLOYMENT_TARGET = 13.0;
				LD_RUNPATH_SEARCH_PATHS = (
					"$(inherited)",
					"@executable_path/Frameworks",
				);
				MARKETING_VERSION = 1.0;
				PRODUCT_BUNDLE_IDENTIFIER = com.septenmale.ImageFeed;
				PRODUCT_NAME = "$(TARGET_NAME)";
				SUPPORTED_PLATFORMS = "iphoneos iphonesimulator";
				SUPPORTS_MACCATALYST = NO;
				SUPPORTS_MAC_DESIGNED_FOR_IPHONE_IPAD = NO;
				SUPPORTS_XR_DESIGNED_FOR_IPHONE_IPAD = NO;
				SWIFT_EMIT_LOC_STRINGS = YES;
				SWIFT_VERSION = 5.0;
				TARGETED_DEVICE_FAMILY = 1;
			};
			name = Release;
		};
		77C3B09F2CA6B826003ACDBC /* Debug */ = {
			isa = XCBuildConfiguration;
			buildSettings = {
				ALWAYS_SEARCH_USER_PATHS = NO;
				ASSETCATALOG_COMPILER_GENERATE_SWIFT_ASSET_SYMBOL_EXTENSIONS = YES;
				CLANG_ANALYZER_NONNULL = YES;
				CLANG_ANALYZER_NUMBER_OBJECT_CONVERSION = YES_AGGRESSIVE;
				CLANG_CXX_LANGUAGE_STANDARD = "gnu++20";
				CLANG_ENABLE_MODULES = YES;
				CLANG_ENABLE_OBJC_ARC = YES;
				CLANG_ENABLE_OBJC_WEAK = YES;
				CLANG_WARN_BLOCK_CAPTURE_AUTORELEASING = YES;
				CLANG_WARN_BOOL_CONVERSION = YES;
				CLANG_WARN_COMMA = YES;
				CLANG_WARN_CONSTANT_CONVERSION = YES;
				CLANG_WARN_DEPRECATED_OBJC_IMPLEMENTATIONS = YES;
				CLANG_WARN_DIRECT_OBJC_ISA_USAGE = YES_ERROR;
				CLANG_WARN_DOCUMENTATION_COMMENTS = YES;
				CLANG_WARN_EMPTY_BODY = YES;
				CLANG_WARN_ENUM_CONVERSION = YES;
				CLANG_WARN_INFINITE_RECURSION = YES;
				CLANG_WARN_INT_CONVERSION = YES;
				CLANG_WARN_NON_LITERAL_NULL_CONVERSION = YES;
				CLANG_WARN_OBJC_IMPLICIT_RETAIN_SELF = YES;
				CLANG_WARN_OBJC_LITERAL_CONVERSION = YES;
				CLANG_WARN_OBJC_ROOT_CLASS = YES_ERROR;
				CLANG_WARN_QUOTED_INCLUDE_IN_FRAMEWORK_HEADER = YES;
				CLANG_WARN_RANGE_LOOP_ANALYSIS = YES;
				CLANG_WARN_STRICT_PROTOTYPES = YES;
				CLANG_WARN_SUSPICIOUS_MOVE = YES;
				CLANG_WARN_UNGUARDED_AVAILABILITY = YES_AGGRESSIVE;
				CLANG_WARN_UNREACHABLE_CODE = YES;
				CLANG_WARN__DUPLICATE_METHOD_MATCH = YES;
				COPY_PHASE_STRIP = NO;
				DEBUG_INFORMATION_FORMAT = dwarf;
				ENABLE_STRICT_OBJC_MSGSEND = YES;
				ENABLE_TESTABILITY = YES;
				ENABLE_USER_SCRIPT_SANDBOXING = YES;
				GCC_C_LANGUAGE_STANDARD = gnu17;
				GCC_DYNAMIC_NO_PIC = NO;
				GCC_NO_COMMON_BLOCKS = YES;
				GCC_OPTIMIZATION_LEVEL = 0;
				GCC_PREPROCESSOR_DEFINITIONS = (
					"DEBUG=1",
					"$(inherited)",
				);
				GCC_WARN_64_TO_32_BIT_CONVERSION = YES;
				GCC_WARN_ABOUT_RETURN_TYPE = YES_ERROR;
				GCC_WARN_UNDECLARED_SELECTOR = YES;
				GCC_WARN_UNINITIALIZED_AUTOS = YES_AGGRESSIVE;
				GCC_WARN_UNUSED_FUNCTION = YES;
				GCC_WARN_UNUSED_VARIABLE = YES;
				IPHONEOS_DEPLOYMENT_TARGET = 18.0;
				LOCALIZATION_PREFERS_STRING_CATALOGS = YES;
				MTL_ENABLE_DEBUG_INFO = INCLUDE_SOURCE;
				MTL_FAST_MATH = YES;
				ONLY_ACTIVE_ARCH = YES;
				SDKROOT = iphoneos;
				SWIFT_ACTIVE_COMPILATION_CONDITIONS = "DEBUG $(inherited)";
				SWIFT_OPTIMIZATION_LEVEL = "-Onone";
			};
			name = Debug;
		};
		77C3B0A02CA6B826003ACDBC /* Release */ = {
			isa = XCBuildConfiguration;
			buildSettings = {
				ALWAYS_SEARCH_USER_PATHS = NO;
				ASSETCATALOG_COMPILER_GENERATE_SWIFT_ASSET_SYMBOL_EXTENSIONS = YES;
				CLANG_ANALYZER_NONNULL = YES;
				CLANG_ANALYZER_NUMBER_OBJECT_CONVERSION = YES_AGGRESSIVE;
				CLANG_CXX_LANGUAGE_STANDARD = "gnu++20";
				CLANG_ENABLE_MODULES = YES;
				CLANG_ENABLE_OBJC_ARC = YES;
				CLANG_ENABLE_OBJC_WEAK = YES;
				CLANG_WARN_BLOCK_CAPTURE_AUTORELEASING = YES;
				CLANG_WARN_BOOL_CONVERSION = YES;
				CLANG_WARN_COMMA = YES;
				CLANG_WARN_CONSTANT_CONVERSION = YES;
				CLANG_WARN_DEPRECATED_OBJC_IMPLEMENTATIONS = YES;
				CLANG_WARN_DIRECT_OBJC_ISA_USAGE = YES_ERROR;
				CLANG_WARN_DOCUMENTATION_COMMENTS = YES;
				CLANG_WARN_EMPTY_BODY = YES;
				CLANG_WARN_ENUM_CONVERSION = YES;
				CLANG_WARN_INFINITE_RECURSION = YES;
				CLANG_WARN_INT_CONVERSION = YES;
				CLANG_WARN_NON_LITERAL_NULL_CONVERSION = YES;
				CLANG_WARN_OBJC_IMPLICIT_RETAIN_SELF = YES;
				CLANG_WARN_OBJC_LITERAL_CONVERSION = YES;
				CLANG_WARN_OBJC_ROOT_CLASS = YES_ERROR;
				CLANG_WARN_QUOTED_INCLUDE_IN_FRAMEWORK_HEADER = YES;
				CLANG_WARN_RANGE_LOOP_ANALYSIS = YES;
				CLANG_WARN_STRICT_PROTOTYPES = YES;
				CLANG_WARN_SUSPICIOUS_MOVE = YES;
				CLANG_WARN_UNGUARDED_AVAILABILITY = YES_AGGRESSIVE;
				CLANG_WARN_UNREACHABLE_CODE = YES;
				CLANG_WARN__DUPLICATE_METHOD_MATCH = YES;
				COPY_PHASE_STRIP = NO;
				DEBUG_INFORMATION_FORMAT = "dwarf-with-dsym";
				ENABLE_NS_ASSERTIONS = NO;
				ENABLE_STRICT_OBJC_MSGSEND = YES;
				ENABLE_USER_SCRIPT_SANDBOXING = YES;
				GCC_C_LANGUAGE_STANDARD = gnu17;
				GCC_NO_COMMON_BLOCKS = YES;
				GCC_WARN_64_TO_32_BIT_CONVERSION = YES;
				GCC_WARN_ABOUT_RETURN_TYPE = YES_ERROR;
				GCC_WARN_UNDECLARED_SELECTOR = YES;
				GCC_WARN_UNINITIALIZED_AUTOS = YES_AGGRESSIVE;
				GCC_WARN_UNUSED_FUNCTION = YES;
				GCC_WARN_UNUSED_VARIABLE = YES;
				IPHONEOS_DEPLOYMENT_TARGET = 18.0;
				LOCALIZATION_PREFERS_STRING_CATALOGS = YES;
				MTL_ENABLE_DEBUG_INFO = NO;
				MTL_FAST_MATH = YES;
				SDKROOT = iphoneos;
				SWIFT_COMPILATION_MODE = wholemodule;
				VALIDATE_PRODUCT = YES;
			};
			name = Release;
		};
/* End XCBuildConfiguration section */

/* Begin XCConfigurationList section */
		77C3B0842CA6B824003ACDBC /* Build configuration list for PBXProject "ImageFeed" */ = {
			isa = XCConfigurationList;
			buildConfigurations = (
				77C3B09F2CA6B826003ACDBC /* Debug */,
				77C3B0A02CA6B826003ACDBC /* Release */,
			);
			defaultConfigurationIsVisible = 0;
			defaultConfigurationName = Release;
		};
		77C3B09C2CA6B826003ACDBC /* Build configuration list for PBXNativeTarget "ImageFeed" */ = {
			isa = XCConfigurationList;
			buildConfigurations = (
				77C3B09D2CA6B826003ACDBC /* Debug */,
				77C3B09E2CA6B826003ACDBC /* Release */,
			);
			defaultConfigurationIsVisible = 0;
			defaultConfigurationName = Release;
		};
/* End XCConfigurationList section */
	};
	rootObject = 77C3B0812CA6B824003ACDBC /* Project object */;
}
